Microsoft Visual Studio Solution File, Format Version 12.00
# Visual Studio Version 17
VisualStudioVersion = 17.5.2.0
MinimumVisualStudioVersion = 10.0.40219.1
Project("{FAE04EC0-301F-11D3-BF4B-00C04F79EFBC}") = "lab4v5", "lab4v5.csproj", "{70065079-B844-7AE4-9231-F077881EF974}"
EndProject
Global
	GlobalSection(SolutionConfigurationPlatforms) = preSolution
		Debug|Any CPU = Debug|Any CPU
		Release|Any CPU = Release|Any CPU
	EndGlobalSection
	GlobalSection(ProjectConfigurationPlatforms) = postSolution
		{70065079-B844-7AE4-9231-F077881EF974}.Debug|Any CPU.ActiveCfg = Debug|Any CPU
		{70065079-B844-7AE4-9231-F077881EF974}.Debug|Any CPU.Build.0 = Debug|Any CPU
		{70065079-B844-7AE4-9231-F077881EF974}.Release|Any CPU.ActiveCfg = Release|Any CPU
		{70065079-B844-7AE4-9231-F077881EF974}.Release|Any CPU.Build.0 = Release|Any CPU
	EndGlobalSection
	GlobalSection(SolutionProperties) = preSolution
		HideSolutionNode = FALSE
	EndGlobalSection
	GlobalSection(ExtensibilityGlobals) = postSolution
		SolutionGuid = {F5526D86-A727-49F0-8E26-5241A373FC18}
	EndGlobalSection
EndGlobal
